{
  "lockfileVersion": 1,
  "configVersion": 1,
  "workspaces": {
    "": {
      "name": "oh-taskplane",
      "dependencies": {
        "@mariozechner/pi-ai": "file:./shim-packages/pi-ai",
        "@mariozechner/pi-coding-agent": "file:./shim-packages/pi-coding-agent",
        "@mariozechner/pi-tui": "file:./shim-packages/pi-tui",
        "taskplane": "^0.28.5",
      },
    },
  },
  "packages": {
    "@mariozechner/pi-ai": ["@mariozechner/pi-ai@file:shim-packages/pi-ai", {}],

    "@mariozechner/pi-coding-agent": ["@mariozechner/pi-coding-agent@file:shim-packages/pi-coding-agent", {}],

    "@mariozechner/pi-tui": ["@mariozechner/pi-tui@file:shim-packages/pi-tui", {}],

    "@sinclair/typebox": ["@sinclair/typebox@0.34.49", "", {}, "sha512-brySQQs7Jtn0joV8Xh9ZV/hZb9Ozb0pmazDIASBkYKCjXrXU3mpcFahmK/z4YDhGkQvP9mWJbVyahdtU5wQA+A=="],

    "jiti": ["jiti@2.7.0", "", { "bin": { "jiti": "lib/jiti-cli.mjs" } }, "sha512-AC/7JofJvZGrrneWNaEnJeOLUx+JlGt7tNa0wZiRPT4MY1wmfKjt2+6O2p2uz2+skll8OZZmJMNqeke7kKbNgQ=="],

    "taskplane": ["taskplane@0.28.5", "", { "dependencies": { "jiti": "^2.6.1", "yaml": "^2.4.0" }, "peerDependencies": { "@mariozechner/pi-ai": "*", "@mariozechner/pi-coding-agent": "*", "@mariozechner/pi-tui": "*", "@sinclair/typebox": "*" }, "bin": { "taskplane": "bin/taskplane.mjs" } }, "sha512-pg66gO2/oOE2KhFSeCB8nYx9kaW8GbmpBLdl7my1d6m/hsWaaxDsr/sm5yeNb6xzgsgxpUiO9wrcWFgNl7MwqQ=="],

    "yaml": ["yaml@2.8.4", "", { "bin": { "yaml": "bin.mjs" } }, "sha512-ml/JPOj9fOQK8RNnWojA67GbZ0ApXAUlN2UQclwv2eVgTgn7O9gg9o7paZWKMp4g0H3nTLtS9LVzhkpOFIKzog=="],
  }
}
